
Microsoft Visual Studio Solution File, Format Version 12.00
# Visual Studio Version 17
VisualStudioVersion = 17.0.32126.317
MinimumVisualStudioVersion = 10.0.40219.1
Project("{FAE04EC0-301F-11D3-BF4B-00C04F79EFBC}") = "ProjetoLeituta", "ProjetoLeituta\ProjetoLeituta.csproj", "{F4C778C6-B412-496A-9AAF-8B2964DAE138}"
EndProject
Global
	GlobalSection(SolutionConfigurationPlatforms) = preSolution
		Debug|Any CPU = Debug|Any CPU
		Release|Any CPU = Release|Any CPU
	EndGlobalSection
	GlobalSection(ProjectConfigurationPlatforms) = postSolution
		{F4C778C6-B412-496A-9AAF-8B2964DAE138}.Debug|Any CPU.ActiveCfg = Debug|Any CPU
		{F4C778C6-B412-496A-9AAF-8B2964DAE138}.Debug|Any CPU.Build.0 = Debug|Any CPU
		{F4C778C6-B412-496A-9AAF-8B2964DAE138}.Release|Any CPU.ActiveCfg = Release|Any CPU
		{F4C778C6-B412-496A-9AAF-8B2964DAE138}.Release|Any CPU.Build.0 = Release|Any CPU
	EndGlobalSection
	GlobalSection(SolutionProperties) = preSolution
		HideSolutionNode = FALSE
	EndGlobalSection
	GlobalSection(ExtensibilityGlobals) = postSolution
		SolutionGuid = {7B0A2A98-21D8-4E5B-ADDB-65FEE350B33C}
	EndGlobalSection
EndGlobal
